
Microsoft Visual Studio Solution File, Format Version 12.00
# Visual Studio Version 16
VisualStudioVersion = 16.0.31112.23
MinimumVisualStudioVersion = 10.0.40219.1
Project("{FAE04EC0-301F-11D3-BF4B-00C04F79EFBC}") = "ConsoleAsmTestTypes", "ConsoleAsmTestTypes\ConsoleAsmTestTypes.csproj", "{A0383BC6-C2FC-4A51-9BF9-536524959873}"
	ProjectSection(ProjectDependencies) = postProject
		{4F77BC13-4F7B-4406-AF46-8F732B166C44} = {4F77BC13-4F7B-4406-AF46-8F732B166C44}
	EndProjectSection
EndProject
Project("{8BC9CEB8-8B4A-11D0-8D11-00A0C91BC942}") = "DllAsm", "DllAsm\DllAsm.vcxproj", "{4F77BC13-4F7B-4406-AF46-8F732B166C44}"
EndProject
Project("{FAE04EC0-301F-11D3-BF4B-00C04F79EFBC}") = "DllCSharp", "DllCSharp\DllCSharp.csproj", "{C8413434-80B1-4B94-BE64-A26C3A73BFA6}"
EndProject
Global
	GlobalSection(SolutionConfigurationPlatforms) = preSolution
		Debug|Any CPU = Debug|Any CPU
		Debug|x64 = Debug|x64
		Debug|x86 = Debug|x86
		Release|Any CPU = Release|Any CPU
		Release|x64 = Release|x64
		Release|x86 = Release|x86
	EndGlobalSection
	GlobalSection(ProjectConfigurationPlatforms) = postSolution
		{A0383BC6-C2FC-4A51-9BF9-536524959873}.Debug|Any CPU.ActiveCfg = Debug|x64
		{A0383BC6-C2FC-4A51-9BF9-536524959873}.Debug|Any CPU.Build.0 = Debug|x64
		{A0383BC6-C2FC-4A51-9BF9-536524959873}.Debug|x64.ActiveCfg = Debug|x64
		{A0383BC6-C2FC-4A51-9BF9-536524959873}.Debug|x64.Build.0 = Debug|x64
		{A0383BC6-C2FC-4A51-9BF9-536524959873}.Debug|x86.ActiveCfg = Debug|Any CPU
		{A0383BC6-C2FC-4A51-9BF9-536524959873}.Debug|x86.Build.0 = Debug|Any CPU
		{A0383BC6-C2FC-4A51-9BF9-536524959873}.Release|Any CPU.ActiveCfg = Release|Any CPU
		{A0383BC6-C2FC-4A51-9BF9-536524959873}.Release|Any CPU.Build.0 = Release|Any CPU
		{A0383BC6-C2FC-4A51-9BF9-536524959873}.Release|x64.ActiveCfg = Release|Any CPU
		{A0383BC6-C2FC-4A51-9BF9-536524959873}.Release|x64.Build.0 = Release|Any CPU
		{A0383BC6-C2FC-4A51-9BF9-536524959873}.Release|x86.ActiveCfg = Release|Any CPU
		{A0383BC6-C2FC-4A51-9BF9-536524959873}.Release|x86.Build.0 = Release|Any CPU
		{4F77BC13-4F7B-4406-AF46-8F732B166C44}.Debug|Any CPU.ActiveCfg = Debug|x64
		{4F77BC13-4F7B-4406-AF46-8F732B166C44}.Debug|Any CPU.Build.0 = Debug|x64
		{4F77BC13-4F7B-4406-AF46-8F732B166C44}.Debug|x64.ActiveCfg = Debug|x64
		{4F77BC13-4F7B-4406-AF46-8F732B166C44}.Debug|x64.Build.0 = Debug|x64
		{4F77BC13-4F7B-4406-AF46-8F732B166C44}.Debug|x86.ActiveCfg = Debug|Win32
		{4F77BC13-4F7B-4406-AF46-8F732B166C44}.Debug|x86.Build.0 = Debug|Win32
		{4F77BC13-4F7B-4406-AF46-8F732B166C44}.Release|Any CPU.ActiveCfg = Release|Win32
		{4F77BC13-4F7B-4406-AF46-8F732B166C44}.Release|x64.ActiveCfg = Release|x64
		{4F77BC13-4F7B-4406-AF46-8F732B166C44}.Release|x64.Build.0 = Release|x64
		{4F77BC13-4F7B-4406-AF46-8F732B166C44}.Release|x86.ActiveCfg = Release|Win32
		{4F77BC13-4F7B-4406-AF46-8F732B166C44}.Release|x86.Build.0 = Release|Win32
		{C8413434-80B1-4B94-BE64-A26C3A73BFA6}.Debug|Any CPU.ActiveCfg = Debug|Any CPU
		{C8413434-80B1-4B94-BE64-A26C3A73BFA6}.Debug|Any CPU.Build.0 = Debug|Any CPU
		{C8413434-80B1-4B94-BE64-A26C3A73BFA6}.Debug|x64.ActiveCfg = Debug|Any CPU
		{C8413434-80B1-4B94-BE64-A26C3A73BFA6}.Debug|x64.Build.0 = Debug|Any CPU
		{C8413434-80B1-4B94-BE64-A26C3A73BFA6}.Debug|x86.ActiveCfg = Debug|Any CPU
		{C8413434-80B1-4B94-BE64-A26C3A73BFA6}.Debug|x86.Build.0 = Debug|Any CPU
		{C8413434-80B1-4B94-BE64-A26C3A73BFA6}.Release|Any CPU.ActiveCfg = Release|Any CPU
		{C8413434-80B1-4B94-BE64-A26C3A73BFA6}.Release|Any CPU.Build.0 = Release|Any CPU
		{C8413434-80B1-4B94-BE64-A26C3A73BFA6}.Release|x64.ActiveCfg = Release|Any CPU
		{C8413434-80B1-4B94-BE64-A26C3A73BFA6}.Release|x64.Build.0 = Release|Any CPU
		{C8413434-80B1-4B94-BE64-A26C3A73BFA6}.Release|x86.ActiveCfg = Release|Any CPU
		{C8413434-80B1-4B94-BE64-A26C3A73BFA6}.Release|x86.Build.0 = Release|Any CPU
	EndGlobalSection
	GlobalSection(SolutionProperties) = preSolution
		HideSolutionNode = FALSE
	EndGlobalSection
	GlobalSection(ExtensibilityGlobals) = postSolution
		SolutionGuid = {303FB1C0-B1B8-4CF8-9DD0-7C51634F10FE}
	EndGlobalSection
EndGlobal
